
Microsoft Visual Studio Solution File, Format Version 12.00
# Visual Studio Version 17
VisualStudioVersion = 17.14.36623.8 d17.14
MinimumVisualStudioVersion = 10.0.40219.1
Project("{2150E333-8FDC-42A3-9474-1A3956D46DE8}") = "Solution Items", "Solution Items", "{8EC462FD-D22E-90A8-E5CE-7E832BA40C5D}"
	ProjectSection(SolutionItems) = preProject
		.gitignore = .gitignore
	EndProjectSection
EndProject
Project("{FAE04EC0-301F-11D3-BF4B-00C04F79EFBC}") = "Task1", "Task1\Task1.csproj", "{A2BA04C7-B76E-4879-A6C0-AB2151613C7D}"
EndProject
Project("{FAE04EC0-301F-11D3-BF4B-00C04F79EFBC}") = "Task2", "Task2\Task2.csproj", "{17B22DFB-C698-48AF-AFBB-2D8DCB7DAB68}"
EndProject
Project("{FAE04EC0-301F-11D3-BF4B-00C04F79EFBC}") = "Task3", "Task3\Task3.csproj", "{17B07EDF-43EF-426D-A889-9EA9336B3510}"
EndProject
Project("{FAE04EC0-301F-11D3-BF4B-00C04F79EFBC}") = "Task4", "Task4\Task4.csproj", "{B83799CD-B0CF-4390-A856-DF5FC7AE2C5B}"
EndProject
Project("{FAE04EC0-301F-11D3-BF4B-00C04F79EFBC}") = "Task5", "Task5\Task5.csproj", "{71AABF18-395B-4DA2-A5E9-B075164F0D7E}"
EndProject
Project("{FAE04EC0-301F-11D3-BF4B-00C04F79EFBC}") = "Task6", "Task6\Task6.csproj", "{936C204A-E062-46DD-ADA0-5CBE88726FC3}"
EndProject
Global
	GlobalSection(SolutionConfigurationPlatforms) = preSolution
		Debug|Any CPU = Debug|Any CPU
		Release|Any CPU = Release|Any CPU
	EndGlobalSection
	GlobalSection(ProjectConfigurationPlatforms) = postSolution
		{A2BA04C7-B76E-4879-A6C0-AB2151613C7D}.Debug|Any CPU.ActiveCfg = Debug|Any CPU
		{A2BA04C7-B76E-4879-A6C0-AB2151613C7D}.Debug|Any CPU.Build.0 = Debug|Any CPU
		{A2BA04C7-B76E-4879-A6C0-AB2151613C7D}.Release|Any CPU.ActiveCfg = Release|Any CPU
		{A2BA04C7-B76E-4879-A6C0-AB2151613C7D}.Release|Any CPU.Build.0 = Release|Any CPU
		{17B22DFB-C698-48AF-AFBB-2D8DCB7DAB68}.Debug|Any CPU.ActiveCfg = Debug|Any CPU
		{17B22DFB-C698-48AF-AFBB-2D8DCB7DAB68}.Debug|Any CPU.Build.0 = Debug|Any CPU
		{17B22DFB-C698-48AF-AFBB-2D8DCB7DAB68}.Release|Any CPU.ActiveCfg = Release|Any CPU
		{17B22DFB-C698-48AF-AFBB-2D8DCB7DAB68}.Release|Any CPU.Build.0 = Release|Any CPU
		{17B07EDF-43EF-426D-A889-9EA9336B3510}.Debug|Any CPU.ActiveCfg = Debug|Any CPU
		{17B07EDF-43EF-426D-A889-9EA9336B3510}.Debug|Any CPU.Build.0 = Debug|Any CPU
		{17B07EDF-43EF-426D-A889-9EA9336B3510}.Release|Any CPU.ActiveCfg = Release|Any CPU
		{17B07EDF-43EF-426D-A889-9EA9336B3510}.Release|Any CPU.Build.0 = Release|Any CPU
		{B83799CD-B0CF-4390-A856-DF5FC7AE2C5B}.Debug|Any CPU.ActiveCfg = Debug|Any CPU
		{B83799CD-B0CF-4390-A856-DF5FC7AE2C5B}.Debug|Any CPU.Build.0 = Debug|Any CPU
		{B83799CD-B0CF-4390-A856-DF5FC7AE2C5B}.Release|Any CPU.ActiveCfg = Release|Any CPU
		{B83799CD-B0CF-4390-A856-DF5FC7AE2C5B}.Release|Any CPU.Build.0 = Release|Any CPU
		{71AABF18-395B-4DA2-A5E9-B075164F0D7E}.Debug|Any CPU.ActiveCfg = Debug|Any CPU
		{71AABF18-395B-4DA2-A5E9-B075164F0D7E}.Debug|Any CPU.Build.0 = Debug|Any CPU
		{71AABF18-395B-4DA2-A5E9-B075164F0D7E}.Release|Any CPU.ActiveCfg = Release|Any CPU
		{71AABF18-395B-4DA2-A5E9-B075164F0D7E}.Release|Any CPU.Build.0 = Release|Any CPU
		{936C204A-E062-46DD-ADA0-5CBE88726FC3}.Debug|Any CPU.ActiveCfg = Debug|Any CPU
		{936C204A-E062-46DD-ADA0-5CBE88726FC3}.Debug|Any CPU.Build.0 = Debug|Any CPU
		{936C204A-E062-46DD-ADA0-5CBE88726FC3}.Release|Any CPU.ActiveCfg = Release|Any CPU
		{936C204A-E062-46DD-ADA0-5CBE88726FC3}.Release|Any CPU.Build.0 = Release|Any CPU
	EndGlobalSection
	GlobalSection(SolutionProperties) = preSolution
		HideSolutionNode = FALSE
	EndGlobalSection
	GlobalSection(ExtensibilityGlobals) = postSolution
		SolutionGuid = {70A51D4E-2C4C-4221-BD56-7F98B04AE0EE}
	EndGlobalSection
EndGlobal
